PATH
  remote: ..
  specs:
    active_record_host_pool (2.0.0)
      activerecord (>= 6.1.0, < 7.2)

GEM
  remote: https://rubygems.org/
  specs:
    activemodel (7.1.1)
      activesupport (= 7.1.1)
    activerecord (7.1.1)
      activemodel (= 7.1.1)
      activesupport (= 7.1.1)
      timeout (>= 0.4.0)
    activesupport (7.1.1)
      base64
      bigdecimal
      concurrent-ruby (~> 1.0, >= 1.0.2)
      connection_pool (>= 2.2.5)
      drb
      i18n (>= 1.6, < 2)
      minitest (>= 5.1)
      mutex_m
      tzinfo (~> 2.0)
    ast (2.4.2)
    base64 (0.1.1)
    bigdecimal (3.1.4)
    byebug (11.1.3)
    coderay (1.1.3)
    concurrent-ruby (1.2.2)
    connection_pool (2.4.1)
    drb (2.1.1)
      ruby2_keywords
    i18n (1.14.1)
      concurrent-ruby (~> 1.0)
    json (2.6.3)
    language_server-protocol (3.17.0.3)
    lint_roller (1.1.0)
    method_source (1.0.0)
    minitest (5.20.0)
    minitest-fail-fast (0.1.0)
      minitest (~> 5)
    minitest-line (0.6.5)
      minitest (~> 5.0)
    minitest-mock_expectations (1.1.3)
    mutex_m (0.1.2)
    mysql2 (0.5.5)
    parallel (1.23.0)
    parser (3.2.2.4)
      ast (~> 2.4.1)
      racc
    phenix (1.2.0)
      activerecord (>= 4.2, < 7.2)
      bundler
    pry (0.14.2)
      coderay (~> 1.1)
      method_source (~> 1.0)
    pry-byebug (3.10.1)
      byebug (~> 11.0)
      pry (>= 0.13, < 0.15)
    racc (1.7.1)
    rainbow (3.1.1)
    rake (13.0.6)
    regexp_parser (2.8.2)
    rexml (3.2.6)
    rubocop (1.56.4)
      base64 (~> 0.1.1)
      json (~> 2.3)
      language_server-protocol (>= 3.17.0)
      parallel (~> 1.10)
      parser (>= 3.2.2.3)
      rainbow (>= 2.2.2, < 4.0)
      regexp_parser (>= 1.8, < 3.0)
      rexml (>= 3.2.5, < 4.0)
      rubocop-ast (>= 1.28.1, < 2.0)
      ruby-progressbar (~> 1.7)
      unicode-display_width (>= 2.4.0, < 3.0)
    rubocop-ast (1.29.0)
      parser (>= 3.2.1.0)
    rubocop-performance (1.19.1)
      rubocop (>= 1.7.0, < 2.0)
      rubocop-ast (>= 0.4.0)
    ruby-progressbar (1.13.0)
    ruby2_keywords (0.0.5)
    standard (1.31.2)
      language_server-protocol (~> 3.17.0.2)
      lint_roller (~> 1.0)
      rubocop (~> 1.56.4)
      standard-custom (~> 1.0.0)
      standard-performance (~> 1.2)
    standard-custom (1.0.2)
      lint_roller (~> 1.0)
      rubocop (~> 1.50)
    standard-performance (1.2.1)
      lint_roller (~> 1.1)
      rubocop-performance (~> 1.19.1)
    timeout (0.4.0)
    tzinfo (2.0.6)
      concurrent-ruby (~> 1.0)
    unicode-display_width (2.5.0)

PLATFORMS
  ruby

DEPENDENCIES
  active_record_host_pool!
  activerecord (~> 7.1.0)
  byebug
  minitest (>= 5.10.0)
  minitest-fail-fast
  minitest-line
  minitest-mock_expectations (~> 1.1.3)
  mysql2 (~> 0.5)
  phenix (>= 1.0.1)
  pry-byebug (~> 3.9)
  rake (>= 12.0.0)
  standard

BUNDLED WITH
   2.4.15
