PATH
  remote: ..
  specs:
    active_record_host_pool (1.1.0)
      activerecord (>= 5.1.0, < 7.0)
      mysql2

GEM
  remote: https://rubygems.org/
  specs:
    activemodel (5.2.4.1)
      activesupport (= 5.2.4.1)
    activerecord (5.2.4.1)
      activemodel (= 5.2.4.1)
      activesupport (= 5.2.4.1)
      arel (>= 9.0)
    activesupport (5.2.4.1)
      concurrent-ruby (~> 1.0, >= 1.0.2)
      i18n (>= 0.7, < 2)
      minitest (~> 5.1)
      tzinfo (~> 1.1)
    arel (9.0.0)
    ast (2.4.0)
    bump (0.9.0)
    byebug (11.1.1)
    concurrent-ruby (1.1.6)
    i18n (1.8.2)
      concurrent-ruby (~> 1.0)
    jaro_winkler (1.5.4)
    minitest (5.14.0)
    mocha (1.11.2)
    mysql2 (0.5.3)
    parallel (1.19.1)
    parser (2.7.0.2)
      ast (~> 2.4.0)
    phenix (1.0.1)
      activerecord (>= 4.2, < 7.1)
      bundler
    rainbow (3.0.0)
    rake (13.0.1)
    rexml (3.2.4)
    rubocop (0.80.0)
      jaro_winkler (~> 1.5.1)
      parallel (~> 1.10)
      parser (>= 2.7.0.1)
      rainbow (>= 2.2.2, < 4.0)
      rexml
      ruby-progressbar (~> 1.7)
      unicode-display_width (>= 1.4.0, < 1.7)
    ruby-progressbar (1.10.1)
    shoulda (3.6.0)
      shoulda-context (~> 1.0, >= 1.0.1)
      shoulda-matchers (~> 3.0)
    shoulda-context (1.2.2)
    shoulda-matchers (3.1.3)
      activesupport (>= 4.0.0)
    thread_safe (0.3.6)
    tzinfo (1.2.6)
      thread_safe (~> 0.1)
    unicode-display_width (1.6.1)

PLATFORMS
  ruby

DEPENDENCIES
  active_record_host_pool!
  activerecord (~> 5.2.0)
  bump
  byebug
  minitest (>= 5.10.0)
  mocha (>= 1.4.0)
  mysql2 (>= 0.4.4, < 0.6.0)
  phenix (>= 1.0.1)
  rake (>= 12.0.0)
  rubocop (~> 0.80.0)
  shoulda

BUNDLED WITH
   2.1.4
