PATH
  remote: ..
  specs:
    active_record_host_pool (0.13.0)
      activerecord (>= 4.2.0, < 6.0)
      mysql2

GEM
  remote: https://rubygems.org/
  specs:
    activemodel (5.0.7.2)
      activesupport (= 5.0.7.2)
    activerecord (5.0.7.2)
      activemodel (= 5.0.7.2)
      activesupport (= 5.0.7.2)
      arel (~> 7.0)
    activesupport (5.0.7.2)
      concurrent-ruby (~> 1.0, >= 1.0.2)
      i18n (>= 0.7, < 2)
      minitest (~> 5.1)
      tzinfo (~> 1.1)
    arel (7.1.4)
    ast (2.4.0)
    bump (0.9.0)
    byebug (11.1.1)
    concurrent-ruby (1.1.6)
    i18n (1.8.2)
      concurrent-ruby (~> 1.0)
    jaro_winkler (1.5.4)
    minitest (5.14.0)
    mocha (1.11.2)
    mysql2 (0.5.3)
    parallel (1.19.1)
    parser (2.7.0.2)
      ast (~> 2.4.0)
    phenix (0.6.0)
      activerecord (>= 4.2, < 6.1)
      bundler
    powerpack (0.1.2)
    rainbow (3.0.0)
    rake (13.0.1)
    rubocop (0.62.0)
      jaro_winkler (~> 1.5.1)
      parallel (~> 1.10)
      parser (>= 2.5, != 2.5.1.1)
      powerpack (~> 0.1)
      rainbow (>= 2.2.2, < 4.0)
      ruby-progressbar (~> 1.7)
      unicode-display_width (~> 1.4.0)
    ruby-progressbar (1.10.1)
    shoulda (3.6.0)
      shoulda-context (~> 1.0, >= 1.0.1)
      shoulda-matchers (~> 3.0)
    shoulda-context (1.2.2)
    shoulda-matchers (3.1.3)
      activesupport (>= 4.0.0)
    thread_safe (0.3.6)
    tzinfo (1.2.6)
      thread_safe (~> 0.1)
    unicode-display_width (1.4.1)

PLATFORMS
  ruby

DEPENDENCIES
  active_record_host_pool!
  activerecord (~> 5.0.7)
  bump
  byebug
  mocha
  mysql2 (>= 0.3.18, < 0.6.0)
  phenix
  rake (>= 12.0.0)
  rubocop (~> 0.62.0)
  shoulda

BUNDLED WITH
   2.1.4
