PATH
  remote: /Users/ben/src/active_record_host_pool
  specs:
    active_record_host_pool (0.6.4)
      activerecord

GEM
  remote: https://rubygems.org/
  specs:
    activerecord (2.3.14)
      activesupport (= 2.3.14)
    activesupport (2.3.14)
    appraisal (0.5.2)
      bundler
      rake
    columnize (0.3.6)
    debugger (1.6.0)
      columnize (>= 0.3.1)
      debugger-linecache (~> 1.2.0)
      debugger-ruby_core_source (~> 1.2.1)
    debugger-linecache (1.2.0)
    debugger-ruby_core_source (1.2.3)
    metaclass (0.0.1)
    mocha (0.14.0)
      metaclass (~> 0.0.1)
    mysql (2.9.1)
    mysql2 (0.2.19b5)
    rake (10.1.0)
    shoulda (3.0.1)
      shoulda-context (~> 1.0.0)
      shoulda-matchers (~> 1.0.0)
    shoulda-context (1.0.2)
    shoulda-matchers (1.0.0)

PLATFORMS
  ruby

DEPENDENCIES
  active_record_host_pool!
  activerecord (= 2.3.14)
  appraisal
  debugger
  mocha
  mysql
  mysql2 (= 0.2.19b5)
  rake
  shoulda
